
Microsoft Visual Studio Solution File, Format Version 12.00
# Visual Studio Version 17
VisualStudioVersion = 17.11.35312.102
MinimumVisualStudioVersion = 10.0.40219.1
Project("{FAE04EC0-301F-11D3-BF4B-00C04F79EFBC}") = "EdPractic-Alex", "EdPractic-Alex.csproj", "{AF179602-16F0-4649-9C20-2A74BB445A32}"
EndProject
Global
	GlobalSection(SolutionConfigurationPlatforms) = preSolution
		Debug|Any CPU = Debug|Any CPU
		Release|Any CPU = Release|Any CPU
	EndGlobalSection
	GlobalSection(ProjectConfigurationPlatforms) = postSolution
		{AF179602-16F0-4649-9C20-2A74BB445A32}.Debug|Any CPU.ActiveCfg = Debug|Any CPU
		{AF179602-16F0-4649-9C20-2A74BB445A32}.Debug|Any CPU.Build.0 = Debug|Any CPU
		{AF179602-16F0-4649-9C20-2A74BB445A32}.Release|Any CPU.ActiveCfg = Release|Any CPU
		{AF179602-16F0-4649-9C20-2A74BB445A32}.Release|Any CPU.Build.0 = Release|Any CPU
	EndGlobalSection
	GlobalSection(SolutionProperties) = preSolution
		HideSolutionNode = FALSE
	EndGlobalSection
	GlobalSection(ExtensibilityGlobals) = postSolution
		SolutionGuid = {83343FE2-1F8D-46C3-9455-C4B7D8433FAF}
	EndGlobalSection
EndGlobal
